
Microsoft Visual Studio Solution File, Format Version 12.00
# Visual Studio Version 16
VisualStudioVersion = 16.0.29215.179
MinimumVisualStudioVersion = 10.0.40219.1
Project("{FAE04EC0-301F-11D3-BF4B-00C04F79EFBC}") = "WPF-API", "WPF-API\WPF-API.csproj", "{8D592C05-56D6-4BA6-89DE-FF279C338862}"
EndProject
Project("{FAE04EC0-301F-11D3-BF4B-00C04F79EFBC}") = "HTML-CSS", "HTML-CSS\HTML-CSS.csproj", "{D8A9A72B-1867-4192-8D5B-3F97A0D61A1F}"
EndProject
Project("{FAE04EC0-301F-11D3-BF4B-00C04F79EFBC}") = "WPF-API  2", "WPF-API  2\WPF-API  2.csproj", "{50366E93-8CB0-494F-99A5-5F4AC4AE085B}"
EndProject
Project("{FAE04EC0-301F-11D3-BF4B-00C04F79EFBC}") = "File_IO", "File_IO\File_IO.csproj", "{EC51DCE0-52D4-4F19-BCA3-2D1020E06254}"
EndProject
Global
	GlobalSection(SolutionConfigurationPlatforms) = preSolution
		Debug|Any CPU = Debug|Any CPU
		Release|Any CPU = Release|Any CPU
	EndGlobalSection
	GlobalSection(ProjectConfigurationPlatforms) = postSolution
		{8D592C05-56D6-4BA6-89DE-FF279C338862}.Debug|Any CPU.ActiveCfg = Debug|Any CPU
		{8D592C05-56D6-4BA6-89DE-FF279C338862}.Debug|Any CPU.Build.0 = Debug|Any CPU
		{8D592C05-56D6-4BA6-89DE-FF279C338862}.Release|Any CPU.ActiveCfg = Release|Any CPU
		{8D592C05-56D6-4BA6-89DE-FF279C338862}.Release|Any CPU.Build.0 = Release|Any CPU
		{D8A9A72B-1867-4192-8D5B-3F97A0D61A1F}.Debug|Any CPU.ActiveCfg = Debug|Any CPU
		{D8A9A72B-1867-4192-8D5B-3F97A0D61A1F}.Debug|Any CPU.Build.0 = Debug|Any CPU
		{D8A9A72B-1867-4192-8D5B-3F97A0D61A1F}.Release|Any CPU.ActiveCfg = Release|Any CPU
		{D8A9A72B-1867-4192-8D5B-3F97A0D61A1F}.Release|Any CPU.Build.0 = Release|Any CPU
		{50366E93-8CB0-494F-99A5-5F4AC4AE085B}.Debug|Any CPU.ActiveCfg = Debug|Any CPU
		{50366E93-8CB0-494F-99A5-5F4AC4AE085B}.Debug|Any CPU.Build.0 = Debug|Any CPU
		{50366E93-8CB0-494F-99A5-5F4AC4AE085B}.Release|Any CPU.ActiveCfg = Release|Any CPU
		{50366E93-8CB0-494F-99A5-5F4AC4AE085B}.Release|Any CPU.Build.0 = Release|Any CPU
		{EC51DCE0-52D4-4F19-BCA3-2D1020E06254}.Debug|Any CPU.ActiveCfg = Debug|Any CPU
		{EC51DCE0-52D4-4F19-BCA3-2D1020E06254}.Debug|Any CPU.Build.0 = Debug|Any CPU
		{EC51DCE0-52D4-4F19-BCA3-2D1020E06254}.Release|Any CPU.ActiveCfg = Release|Any CPU
		{EC51DCE0-52D4-4F19-BCA3-2D1020E06254}.Release|Any CPU.Build.0 = Release|Any CPU
	EndGlobalSection
	GlobalSection(SolutionProperties) = preSolution
		HideSolutionNode = FALSE
	EndGlobalSection
	GlobalSection(ExtensibilityGlobals) = postSolution
		SolutionGuid = {5B93AF65-99AE-4D90-B752-0B7A65ED2000}
	EndGlobalSection
EndGlobal
